
Microsoft Visual Studio Solution File, Format Version 12.00
# Visual Studio Version 16
VisualStudioVersion = 16.0.33027.164
MinimumVisualStudioVersion = 10.0.40219.1
Project("{FAE04EC0-301F-11D3-BF4B-00C04F79EFBC}") = "database project", "WindowsFormsApp1\database project.csproj", "{5945D946-5837-4DDB-810A-EE0F8ACF4B04}"
EndProject
Global
	GlobalSection(SolutionConfigurationPlatforms) = preSolution
		Debug|Any CPU = Debug|Any CPU
		Release|Any CPU = Release|Any CPU
	EndGlobalSection
	GlobalSection(ProjectConfigurationPlatforms) = postSolution
		{5945D946-5837-4DDB-810A-EE0F8ACF4B04}.Debug|Any CPU.ActiveCfg = Debug|Any CPU
		{5945D946-5837-4DDB-810A-EE0F8ACF4B04}.Debug|Any CPU.Build.0 = Debug|Any CPU
		{5945D946-5837-4DDB-810A-EE0F8ACF4B04}.Release|Any CPU.ActiveCfg = Release|Any CPU
		{5945D946-5837-4DDB-810A-EE0F8ACF4B04}.Release|Any CPU.Build.0 = Release|Any CPU
	EndGlobalSection
	GlobalSection(SolutionProperties) = preSolution
		HideSolutionNode = FALSE
	EndGlobalSection
	GlobalSection(ExtensibilityGlobals) = postSolution
		SolutionGuid = {7F4452FD-D633-410C-B518-3E05B4BA75BB}
	EndGlobalSection
EndGlobal
